github.com/google/go-cmp v0.6.0 h1:ofyhxvXcZhMsU5ulbFiLKl/XBFqE1GSq7atu8tAmTRI=
github.com/google/go-cmp v0.6.0/go.mod h1:17dUlkBOakJ0+DkrSSNjCkIjxS6bF9zb3elmeNGIjoY=
golang.org/x/exp v0.0.0-20240808152545-0cdaa3abc0fa h1:ELnwvuAXPNtPk1TJRuGkI9fDTwym6AYBu0qzT8AcHdI=
golang.org/x/exp v0.0.0-20240808152545-0cdaa3abc0fa/go.mod h1:akd2r19cwCdwSwWeIdzYQGa/EZZyqcOdwWiwj5L5eKQ=
